
Microsoft Visual Studio Solution File, Format Version 12.00
# Visual Studio 2012
Project("{FAE04EC0-301F-11D3-BF4B-00C04F79EFBC}") = "ManyErrors", "ManyErrors\ManyErrors.csproj", "{24FD976D-91B9-4C09-996F-901E52EEA7ED}"
EndProject
Project("{2150E333-8FDC-42A3-9474-1A3956D46DE8}") = ".nuget", ".nuget", "{FDD2F780-5DF3-4B1F-9CFD-056A80E09C93}"
	ProjectSection(SolutionItems) = preProject
		.nuget\packages.config = .nuget\packages.config
	EndProjectSection
EndProject
Global
	GlobalSection(SolutionConfigurationPlatforms) = preSolution
		Debug|Any CPU = Debug|Any CPU
		Release|Any CPU = Release|Any CPU
	EndGlobalSection
	GlobalSection(ProjectConfigurationPlatforms) = postSolution
		{24FD976D-91B9-4C09-996F-901E52EEA7ED}.Debug|Any CPU.ActiveCfg = Debug|Any CPU
		{24FD976D-91B9-4C09-996F-901E52EEA7ED}.Debug|Any CPU.Build.0 = Debug|Any CPU
		{24FD976D-91B9-4C09-996F-901E52EEA7ED}.Release|Any CPU.ActiveCfg = Release|Any CPU
		{24FD976D-91B9-4C09-996F-901E52EEA7ED}.Release|Any CPU.Build.0 = Release|Any CPU
	EndGlobalSection
	GlobalSection(SolutionProperties) = preSolution
		HideSolutionNode = FALSE
	EndGlobalSection
EndGlobal
